PODS:
  - Capacitor (7.0.1):
    - CapacitorCordova
  - CapacitorAndroidNavMode (1.1.1):
    - Capacitor
  - CapacitorApp (7.0.0):
    - Capacitor
  - CapacitorApplicationContext (1.1.1):
    - Capacitor
  - CapacitorBiometricLock (1.1.1):
    - Capacitor
  - CapacitorClearCache (1.1.1):
    - Capacitor
  - CapacitorCommunityAppIcon (6.0.0):
    - Capacitor
  - CapacitorCordova (7.0.1)
  - CapacitorFilesystem (7.0.0):
    - Capacitor
  - CapacitorHaptics (7.0.0):
    - Capacitor
  - CapacitorKeyboard (7.0.0):
    - Capacitor
  - CapacitorLaunchNative (1.1.1):
    - Capacitor
  - CapacitorNetwork (7.0.0):
    - Capacitor
  - CapacitorPluginSafeArea (3.0.4):
    - Capacitor
  - CapacitorReader (0.4.0):
    - Capacitor
  - CapacitorShare (7.0.0):
    - Capacitor
  - CapacitorSplashScreen (7.0.0):
    - Capacitor
  - CapacitorStashMedia (2.2.0):
    - Capacitor
    - SDWebImage
  - CapacitorStatusBar (7.0.0):
    - Capacitor
  - CapacitorTips (1.1.1):
    - Capacitor
  - SDWebImage (5.20.0):
    - SDWebImage/Core (= 5.20.0)
  - SDWebImage/Core (5.20.0)

DEPENDENCIES:
  - "Capacitor (from `../../node_modules/.pnpm/@capacitor+ios@7.0.1_@capacitor+core@7.0.1/node_modules/@capacitor/ios`)"
  - "CapacitorAndroidNavMode (from `../../node_modules/.pnpm/capacitor-android-nav-mode@1.1.1_@capacitor+core@7.0.1/node_modules/capacitor-android-nav-mode`)"
  - "CapacitorApp (from `../../node_modules/.pnpm/@capacitor+app@7.0.0_@capacitor+core@7.0.1/node_modules/@capacitor/app`)"
  - "CapacitorApplicationContext (from `../../node_modules/.pnpm/capacitor-application-context@1.1.1_@capacitor+core@7.0.1/node_modules/capacitor-application-context`)"
  - "CapacitorBiometricLock (from `../../node_modules/.pnpm/capacitor-biometric-lock@1.1.1_@capacitor+core@7.0.1/node_modules/capacitor-biometric-lock`)"
  - "CapacitorClearCache (from `../../node_modules/.pnpm/capacitor-clear-cache@1.1.1_@capacitor+core@7.0.1/node_modules/capacitor-clear-cache`)"
  - "CapacitorCommunityAppIcon (from `../../node_modules/.pnpm/@capacitor-community+app-icon@6.0.0_@capacitor+core@7.0.1/node_modules/@capacitor-community/app-icon`)"
  - "CapacitorCordova (from `../../node_modules/.pnpm/@capacitor+ios@7.0.1_@capacitor+core@7.0.1/node_modules/@capacitor/ios`)"
  - "CapacitorFilesystem (from `../../node_modules/.pnpm/@capacitor+filesystem@7.0.0_@capacitor+core@7.0.1/node_modules/@capacitor/filesystem`)"
  - "CapacitorHaptics (from `../../node_modules/.pnpm/@capacitor+haptics@7.0.0_patch_hash=daa342ffd526f01bd99bc1242d366ebc0d25fc5ec30939e5be0_45e4eec990dc2777ab292cc0f0341903/node_modules/@capacitor/haptics`)"
  - "CapacitorKeyboard (from `../../node_modules/.pnpm/@capacitor+keyboard@7.0.0_patch_hash=a9b910edbb5059e863b0b44c347168d2bf0b0a421868be03f7_7fa9f73596a3c66c6ad827db199ae4cb/node_modules/@capacitor/keyboard`)"
  - "CapacitorLaunchNative (from `../../node_modules/.pnpm/capacitor-launch-native@1.1.1_@capacitor+core@7.0.1/node_modules/capacitor-launch-native`)"
  - "CapacitorNetwork (from `../../node_modules/.pnpm/@capacitor+network@7.0.0_@capacitor+core@7.0.1/node_modules/@capacitor/network`)"
  - "CapacitorPluginSafeArea (from `../../node_modules/.pnpm/capacitor-plugin-safe-area@3.0.4_@capacitor+core@7.0.1/node_modules/capacitor-plugin-safe-area`)"
  - "CapacitorReader (from `../../node_modules/.pnpm/capacitor-reader@0.4.0_@capacitor+core@7.0.1/node_modules/capacitor-reader`)"
  - "CapacitorShare (from `../../node_modules/.pnpm/@capacitor+share@7.0.0_@capacitor+core@7.0.1/node_modules/@capacitor/share`)"
  - "CapacitorSplashScreen (from `../../node_modules/.pnpm/@capacitor+splash-screen@7.0.0_@capacitor+core@7.0.1/node_modules/@capacitor/splash-screen`)"
  - "CapacitorStashMedia (from `../../node_modules/.pnpm/capacitor-stash-media@2.2.0_@capacitor+core@7.0.1/node_modules/capacitor-stash-media`)"
  - "CapacitorStatusBar (from `../../node_modules/.pnpm/@capacitor+status-bar@7.0.0_@capacitor+core@7.0.1/node_modules/@capacitor/status-bar`)"
  - "CapacitorTips (from `../../node_modules/.pnpm/capacitor-tips@1.1.1_@capacitor+core@7.0.1/node_modules/capacitor-tips`)"

SPEC REPOS:
  trunk:
    - SDWebImage

EXTERNAL SOURCES:
  Capacitor:
    :path: "../../node_modules/.pnpm/@capacitor+ios@7.0.1_@capacitor+core@7.0.1/node_modules/@capacitor/ios"
  CapacitorAndroidNavMode:
    :path: "../../node_modules/.pnpm/capacitor-android-nav-mode@1.1.1_@capacitor+core@7.0.1/node_modules/capacitor-android-nav-mode"
  CapacitorApp:
    :path: "../../node_modules/.pnpm/@capacitor+app@7.0.0_@capacitor+core@7.0.1/node_modules/@capacitor/app"
  CapacitorApplicationContext:
    :path: "../../node_modules/.pnpm/capacitor-application-context@1.1.1_@capacitor+core@7.0.1/node_modules/capacitor-application-context"
  CapacitorBiometricLock:
    :path: "../../node_modules/.pnpm/capacitor-biometric-lock@1.1.1_@capacitor+core@7.0.1/node_modules/capacitor-biometric-lock"
  CapacitorClearCache:
    :path: "../../node_modules/.pnpm/capacitor-clear-cache@1.1.1_@capacitor+core@7.0.1/node_modules/capacitor-clear-cache"
  CapacitorCommunityAppIcon:
    :path: "../../node_modules/.pnpm/@capacitor-community+app-icon@6.0.0_@capacitor+core@7.0.1/node_modules/@capacitor-community/app-icon"
  CapacitorCordova:
    :path: "../../node_modules/.pnpm/@capacitor+ios@7.0.1_@capacitor+core@7.0.1/node_modules/@capacitor/ios"
  CapacitorFilesystem:
    :path: "../../node_modules/.pnpm/@capacitor+filesystem@7.0.0_@capacitor+core@7.0.1/node_modules/@capacitor/filesystem"
  CapacitorHaptics:
    :path: "../../node_modules/.pnpm/@capacitor+haptics@7.0.0_patch_hash=daa342ffd526f01bd99bc1242d366ebc0d25fc5ec30939e5be0_45e4eec990dc2777ab292cc0f0341903/node_modules/@capacitor/haptics"
  CapacitorKeyboard:
    :path: "../../node_modules/.pnpm/@capacitor+keyboard@7.0.0_patch_hash=a9b910edbb5059e863b0b44c347168d2bf0b0a421868be03f7_7fa9f73596a3c66c6ad827db199ae4cb/node_modules/@capacitor/keyboard"
  CapacitorLaunchNative:
    :path: "../../node_modules/.pnpm/capacitor-launch-native@1.1.1_@capacitor+core@7.0.1/node_modules/capacitor-launch-native"
  CapacitorNetwork:
    :path: "../../node_modules/.pnpm/@capacitor+network@7.0.0_@capacitor+core@7.0.1/node_modules/@capacitor/network"
  CapacitorPluginSafeArea:
    :path: "../../node_modules/.pnpm/capacitor-plugin-safe-area@3.0.4_@capacitor+core@7.0.1/node_modules/capacitor-plugin-safe-area"
  CapacitorReader:
    :path: "../../node_modules/.pnpm/capacitor-reader@0.4.0_@capacitor+core@7.0.1/node_modules/capacitor-reader"
  CapacitorShare:
    :path: "../../node_modules/.pnpm/@capacitor+share@7.0.0_@capacitor+core@7.0.1/node_modules/@capacitor/share"
  CapacitorSplashScreen:
    :path: "../../node_modules/.pnpm/@capacitor+splash-screen@7.0.0_@capacitor+core@7.0.1/node_modules/@capacitor/splash-screen"
  CapacitorStashMedia:
    :path: "../../node_modules/.pnpm/capacitor-stash-media@2.2.0_@capacitor+core@7.0.1/node_modules/capacitor-stash-media"
  CapacitorStatusBar:
    :path: "../../node_modules/.pnpm/@capacitor+status-bar@7.0.0_@capacitor+core@7.0.1/node_modules/@capacitor/status-bar"
  CapacitorTips:
    :path: "../../node_modules/.pnpm/capacitor-tips@1.1.1_@capacitor+core@7.0.1/node_modules/capacitor-tips"

SPEC CHECKSUMS:
  Capacitor: 23fff43571a4d1e3ee7d67b5a3588c6e757c2913
  CapacitorAndroidNavMode: 2f197d542a2f02235461590ffbb82fe2600649da
  CapacitorApp: 45cb7cbef4aa380b9236fd6980033eb5cde6fcd2
  CapacitorApplicationContext: ca2628dbe92851c513e1081def73dca4a66cb154
  CapacitorBiometricLock: 48f364ce1a314aac66eae84d336de7688bb17001
  CapacitorClearCache: 06cd5a14233fde0c005cbf9c06a07313c9e560ba
  CapacitorCommunityAppIcon: 1c10b9fdef8867a38bcf99e473e2393515e18847
  CapacitorCordova: 63d476958d5022d76f197031e8b7ea3519988c64
  CapacitorFilesystem: 2881ad012b5c8d0ffbfed1216aadfc2cca16d5b5
  CapacitorHaptics: 1fba3e460e7614349c6d5f868b1fccdc5c87b66d
  CapacitorKeyboard: 2c26c6fccde35023c579fc37d4cae6326d5e6343
  CapacitorLaunchNative: 0a9f2d19913e83105898af4c87566d2c7a08a159
  CapacitorNetwork: cd17b98182841055ff58629213242a1f22f4a76b
  CapacitorPluginSafeArea: 237b6023aa7c3c1d4b245c12f73ae02e55093a50
  CapacitorReader: 15e978d2b2d3a0a1e8baa8af6a9cabfc140af457
  CapacitorShare: 2fcf1758cd07e0558f6aed40d7437bf8a3a42297
  CapacitorSplashScreen: f4e58cc02aafd91c7cbaf32a3d1b44d02a115125
  CapacitorStashMedia: 2ed9a543c8a0471b42067a97d9e62cd90d1a99f7
  CapacitorStatusBar: 438e90beeeefa8276b24e6c5991cb02dd13e51bf
  CapacitorTips: 606fd67dfdbc7d74a3568da580b3ad019fd4501b
  SDWebImage: 73c6079366fea25fa4bb9640d5fb58f0893facd8

PODFILE CHECKSUM: ef3e7da26af9d158188a507b26330155564a6f4b

COCOAPODS: 1.16.2
