PODS:
  - Capacitor (5.2.2):
    - CapacitorCordova
  - CapacitorApp (5.0.6):
    - Capacitor
  - CapacitorBrowser (5.0.6):
    - Capacitor
  - CapacitorCordova (5.2.2)
  - CapacitorHaptics (5.0.6):
    - Capacitor
  - CapacitorKeyboard (5.0.6):
    - Capacitor
  - CapacitorShare (5.0.6):
    - Capacitor
  - CapacitorStatusBar (5.0.6):
    - Capacitor

DEPENDENCIES:
  - "Capacitor (from `../../node_modules/.pnpm/@capacitor+ios@5.2.2_@capacitor+core@5.2.2/node_modules/@capacitor/ios`)"
  - "CapacitorApp (from `../../node_modules/.pnpm/@capacitor+app@5.0.6_@capacitor+core@5.2.2/node_modules/@capacitor/app`)"
  - "CapacitorBrowser (from `../../node_modules/.pnpm/@capacitor+browser@5.0.6_@capacitor+core@5.2.2/node_modules/@capacitor/browser`)"
  - "CapacitorCordova (from `../../node_modules/.pnpm/@capacitor+ios@5.2.2_@capacitor+core@5.2.2/node_modules/@capacitor/ios`)"
  - "CapacitorHaptics (from `../../node_modules/.pnpm/@capacitor+haptics@5.0.6_@capacitor+core@5.2.2/node_modules/@capacitor/haptics`)"
  - "CapacitorKeyboard (from `../../node_modules/.pnpm/@capacitor+keyboard@5.0.6_@capacitor+core@5.2.2/node_modules/@capacitor/keyboard`)"
  - "CapacitorShare (from `../../node_modules/.pnpm/@capacitor+share@5.0.6_@capacitor+core@5.2.2/node_modules/@capacitor/share`)"
  - "CapacitorStatusBar (from `../../node_modules/.pnpm/@capacitor+status-bar@5.0.6_@capacitor+core@5.2.2/node_modules/@capacitor/status-bar`)"

EXTERNAL SOURCES:
  Capacitor:
    :path: "../../node_modules/.pnpm/@capacitor+ios@5.2.2_@capacitor+core@5.2.2/node_modules/@capacitor/ios"
  CapacitorApp:
    :path: "../../node_modules/.pnpm/@capacitor+app@5.0.6_@capacitor+core@5.2.2/node_modules/@capacitor/app"
  CapacitorBrowser:
    :path: "../../node_modules/.pnpm/@capacitor+browser@5.0.6_@capacitor+core@5.2.2/node_modules/@capacitor/browser"
  CapacitorCordova:
    :path: "../../node_modules/.pnpm/@capacitor+ios@5.2.2_@capacitor+core@5.2.2/node_modules/@capacitor/ios"
  CapacitorHaptics:
    :path: "../../node_modules/.pnpm/@capacitor+haptics@5.0.6_@capacitor+core@5.2.2/node_modules/@capacitor/haptics"
  CapacitorKeyboard:
    :path: "../../node_modules/.pnpm/@capacitor+keyboard@5.0.6_@capacitor+core@5.2.2/node_modules/@capacitor/keyboard"
  CapacitorShare:
    :path: "../../node_modules/.pnpm/@capacitor+share@5.0.6_@capacitor+core@5.2.2/node_modules/@capacitor/share"
  CapacitorStatusBar:
    :path: "../../node_modules/.pnpm/@capacitor+status-bar@5.0.6_@capacitor+core@5.2.2/node_modules/@capacitor/status-bar"

SPEC CHECKSUMS:
  Capacitor: 070b18988e0f566728ae9a5eb3a7a974595f1626
  CapacitorApp: 024e1b1bea5f883d79f6330d309bc441c88ad04a
  CapacitorBrowser: 6192948e0ce804fd72aaf77f4114a3ad2e08c760
  CapacitorCordova: 3773395d5331add072300ff6041ca2cf7b93cb0b
  CapacitorHaptics: 1fffc1217c7e64a472d7845be50fb0c2f7d4204c
  CapacitorKeyboard: b978154b024a5f65e044908e37d15b7de58b9d12
  CapacitorShare: cd41743331cb71d217c029de54b681cbd91e0fcc
  CapacitorStatusBar: 565c0a1ebd79bb40d797606a8992b4a105885309

PODFILE CHECKSUM: 578740b7995d60744fbaa7d7e00da7748da6d994

COCOAPODS: 1.12.1
